
Microsoft Visual Studio Solution File, Format Version 12.00
# Visual Studio Version 16
VisualStudioVersion = 16.0.29728.190
MinimumVisualStudioVersion = 10.0.40219.1
Project("{FAE04EC0-301F-11D3-BF4B-00C04F79EFBC}") = "PrivateSchoolThanosKatrakis", "PrivateSchoolThanosKatrakis\PrivateSchoolThanosKatrakis.csproj", "{406663E0-048A-4D8C-9814-F603032A1EE2}"
EndProject
Global
	GlobalSection(SolutionConfigurationPlatforms) = preSolution
		Debug|Any CPU = Debug|Any CPU
		Release|Any CPU = Release|Any CPU
	EndGlobalSection
	GlobalSection(ProjectConfigurationPlatforms) = postSolution
		{406663E0-048A-4D8C-9814-F603032A1EE2}.Debug|Any CPU.ActiveCfg = Debug|Any CPU
		{406663E0-048A-4D8C-9814-F603032A1EE2}.Debug|Any CPU.Build.0 = Debug|Any CPU
		{406663E0-048A-4D8C-9814-F603032A1EE2}.Release|Any CPU.ActiveCfg = Release|Any CPU
		{406663E0-048A-4D8C-9814-F603032A1EE2}.Release|Any CPU.Build.0 = Release|Any CPU
	EndGlobalSection
	GlobalSection(SolutionProperties) = preSolution
		HideSolutionNode = FALSE
	EndGlobalSection
	GlobalSection(ExtensibilityGlobals) = postSolution
		SolutionGuid = {4E8FB39D-0157-4685-9893-A56F5B0DEA2C}
	EndGlobalSection
EndGlobal
